
Microsoft Visual Studio Solution File, Format Version 12.00
# Visual Studio 15
VisualStudioVersion = 15.0.28307.1259
MinimumVisualStudioVersion = 10.0.40219.1
Project("{FAE04EC0-301F-11D3-BF4B-00C04F79EFBC}") = "WindowsFormsApp1", "WindowsFormsApp1\WindowsFormsApp1.csproj", "{6A418D80-0AF1-475E-B57D-191B3B8D278E}"
EndProject
Global
	GlobalSection(SolutionConfigurationPlatforms) = preSolution
		Debug|Any CPU = Debug|Any CPU
		Release|Any CPU = Release|Any CPU
	EndGlobalSection
	GlobalSection(ProjectConfigurationPlatforms) = postSolution
		{6A418D80-0AF1-475E-B57D-191B3B8D278E}.Debug|Any CPU.ActiveCfg = Debug|Any CPU
		{6A418D80-0AF1-475E-B57D-191B3B8D278E}.Debug|Any CPU.Build.0 = Debug|Any CPU
		{6A418D80-0AF1-475E-B57D-191B3B8D278E}.Release|Any CPU.ActiveCfg = Release|Any CPU
		{6A418D80-0AF1-475E-B57D-191B3B8D278E}.Release|Any CPU.Build.0 = Release|Any CPU
	EndGlobalSection
	GlobalSection(SolutionProperties) = preSolution
		HideSolutionNode = FALSE
	EndGlobalSection
	GlobalSection(ExtensibilityGlobals) = postSolution
		SolutionGuid = {78098538-6D96-456B-A4D1-C32F943918B8}
	EndGlobalSection
EndGlobal
